
Microsoft Visual Studio Solution File, Format Version 12.00
# Visual Studio Version 16
VisualStudioVersion = 16.0.30001.183
MinimumVisualStudioVersion = 10.0.40219.1
Project("{FAE04EC0-301F-11D3-BF4B-00C04F79EFBC}") = "InventoryManagement", "InventoryManagement.csproj", "{275E5F42-33DD-4066-9F56-6453E4759372}"
EndProject
Global
	GlobalSection(SolutionConfigurationPlatforms) = preSolution
		Debug|Any CPU = Debug|Any CPU
		Release|Any CPU = Release|Any CPU
	EndGlobalSection
	GlobalSection(ProjectConfigurationPlatforms) = postSolution
		{275E5F42-33DD-4066-9F56-6453E4759372}.Debug|Any CPU.ActiveCfg = Debug|Any CPU
		{275E5F42-33DD-4066-9F56-6453E4759372}.Debug|Any CPU.Build.0 = Debug|Any CPU
		{275E5F42-33DD-4066-9F56-6453E4759372}.Release|Any CPU.ActiveCfg = Release|Any CPU
		{275E5F42-33DD-4066-9F56-6453E4759372}.Release|Any CPU.Build.0 = Release|Any CPU
	EndGlobalSection
	GlobalSection(SolutionProperties) = preSolution
		HideSolutionNode = FALSE
	EndGlobalSection
	GlobalSection(ExtensibilityGlobals) = postSolution
		SolutionGuid = {195A2BF6-5192-427C-9F53-90AEFA97210B}
	EndGlobalSection
EndGlobal
